
Microsoft Visual Studio Solution File, Format Version 12.00
# Visual Studio Version 17
VisualStudioVersion = 17.7.34009.444
MinimumVisualStudioVersion = 10.0.40219.1
Project("{FAE04EC0-301F-11D3-BF4B-00C04F79EFBC}") = "ejerci__2", "ejerci__2.csproj", "{0B6CA9B1-5F2F-4714-B5B1-DA3F0095C26A}"
EndProject
Global
	GlobalSection(SolutionConfigurationPlatforms) = preSolution
		Debug|Any CPU = Debug|Any CPU
		Release|Any CPU = Release|Any CPU
	EndGlobalSection
	GlobalSection(ProjectConfigurationPlatforms) = postSolution
		{0B6CA9B1-5F2F-4714-B5B1-DA3F0095C26A}.Debug|Any CPU.ActiveCfg = Debug|Any CPU
		{0B6CA9B1-5F2F-4714-B5B1-DA3F0095C26A}.Debug|Any CPU.Build.0 = Debug|Any CPU
		{0B6CA9B1-5F2F-4714-B5B1-DA3F0095C26A}.Release|Any CPU.ActiveCfg = Release|Any CPU
		{0B6CA9B1-5F2F-4714-B5B1-DA3F0095C26A}.Release|Any CPU.Build.0 = Release|Any CPU
	EndGlobalSection
	GlobalSection(SolutionProperties) = preSolution
		HideSolutionNode = FALSE
	EndGlobalSection
	GlobalSection(ExtensibilityGlobals) = postSolution
		SolutionGuid = {71C9EF57-5AD9-4B85-9701-9165E9547EB3}
	EndGlobalSection
EndGlobal
